
Microsoft Visual Studio Solution File, Format Version 12.00
# Visual Studio Version 17
VisualStudioVersion = 17.12.35707.178 d17.12
MinimumVisualStudioVersion = 10.0.40219.1
Project("{FAE04EC0-301F-11D3-BF4B-00C04F79EFBC}") = "Exercise4PasswordCheck", "Exercise4PasswordCheck\Exercise4PasswordCheck.csproj", "{50BCC43E-68A4-428D-8BC4-4F719DC7C29E}"
EndProject
Global
	GlobalSection(SolutionConfigurationPlatforms) = preSolution
		Debug|Any CPU = Debug|Any CPU
		Release|Any CPU = Release|Any CPU
	EndGlobalSection
	GlobalSection(ProjectConfigurationPlatforms) = postSolution
		{50BCC43E-68A4-428D-8BC4-4F719DC7C29E}.Debug|Any CPU.ActiveCfg = Debug|Any CPU
		{50BCC43E-68A4-428D-8BC4-4F719DC7C29E}.Debug|Any CPU.Build.0 = Debug|Any CPU
		{50BCC43E-68A4-428D-8BC4-4F719DC7C29E}.Release|Any CPU.ActiveCfg = Release|Any CPU
		{50BCC43E-68A4-428D-8BC4-4F719DC7C29E}.Release|Any CPU.Build.0 = Release|Any CPU
	EndGlobalSection
	GlobalSection(SolutionProperties) = preSolution
		HideSolutionNode = FALSE
	EndGlobalSection
EndGlobal
